
Microsoft Visual Studio Solution File, Format Version 12.00
# Visual Studio Version 17
VisualStudioVersion = 17.5.002.0
MinimumVisualStudioVersion = 10.0.40219.1
Project("{9A19103F-16F7-4668-BE54-9A1E7A4F7556}") = "BACKEND", "BACKEND.csproj", "{970F1481-FDE3-4575-89E2-3AEA58AEF351}"
EndProject
Global
	GlobalSection(SolutionConfigurationPlatforms) = preSolution
		Debug|Any CPU = Debug|Any CPU
		Release|Any CPU = Release|Any CPU
	EndGlobalSection
	GlobalSection(ProjectConfigurationPlatforms) = postSolution
		{970F1481-FDE3-4575-89E2-3AEA58AEF351}.Debug|Any CPU.ActiveCfg = Debug|Any CPU
		{970F1481-FDE3-4575-89E2-3AEA58AEF351}.Debug|Any CPU.Build.0 = Debug|Any CPU
		{970F1481-FDE3-4575-89E2-3AEA58AEF351}.Release|Any CPU.ActiveCfg = Release|Any CPU
		{970F1481-FDE3-4575-89E2-3AEA58AEF351}.Release|Any CPU.Build.0 = Release|Any CPU
	EndGlobalSection
	GlobalSection(SolutionProperties) = preSolution
		HideSolutionNode = FALSE
	EndGlobalSection
	GlobalSection(ExtensibilityGlobals) = postSolution
		SolutionGuid = {2A9C2882-1CA3-409F-9D73-0C61B2003104}
	EndGlobalSection
EndGlobal
